
Microsoft Visual Studio Solution File, Format Version 12.00
# Visual Studio Version 17
VisualStudioVersion = 17.12.35309.182
MinimumVisualStudioVersion = 10.0.40219.1
Project("{FAE04EC0-301F-11D3-BF4B-00C04F79EFBC}") = "FNA-Snowfall-Starostin", "FNA-Snowfall-Starostin.csproj", "{8F400F91-395D-44BE-87D1-75EFBFFDC3D1}"
EndProject
Global
	GlobalSection(SolutionConfigurationPlatforms) = preSolution
		Debug|Any CPU = Debug|Any CPU
		Release|Any CPU = Release|Any CPU
	EndGlobalSection
	GlobalSection(ProjectConfigurationPlatforms) = postSolution
		{8F400F91-395D-44BE-87D1-75EFBFFDC3D1}.Debug|Any CPU.ActiveCfg = Debug|Any CPU
		{8F400F91-395D-44BE-87D1-75EFBFFDC3D1}.Debug|Any CPU.Build.0 = Debug|Any CPU
		{8F400F91-395D-44BE-87D1-75EFBFFDC3D1}.Release|Any CPU.ActiveCfg = Release|Any CPU
		{8F400F91-395D-44BE-87D1-75EFBFFDC3D1}.Release|Any CPU.Build.0 = Release|Any CPU
	EndGlobalSection
	GlobalSection(SolutionProperties) = preSolution
		HideSolutionNode = FALSE
	EndGlobalSection
	GlobalSection(ExtensibilityGlobals) = postSolution
		SolutionGuid = {356B29E5-89AA-4F9F-A19C-6FAA02A006D7}
	EndGlobalSection
EndGlobal
